
Microsoft Visual Studio Solution File, Format Version 12.00
# Visual Studio 15
VisualStudioVersion = 15.0.28307.572
MinimumVisualStudioVersion = 10.0.40219.1
Project("{FAE04EC0-301F-11D3-BF4B-00C04F79EFBC}") = "WebApplication1", "WebApplication1\WebApplication1.csproj", "{227D5992-688D-47EF-A89E-4DCC6937125D}"
EndProject
Global
	GlobalSection(SolutionConfigurationPlatforms) = preSolution
		Debug|Any CPU = Debug|Any CPU
		Release|Any CPU = Release|Any CPU
	EndGlobalSection
	GlobalSection(ProjectConfigurationPlatforms) = postSolution
		{227D5992-688D-47EF-A89E-4DCC6937125D}.Debug|Any CPU.ActiveCfg = Debug|Any CPU
		{227D5992-688D-47EF-A89E-4DCC6937125D}.Debug|Any CPU.Build.0 = Debug|Any CPU
		{227D5992-688D-47EF-A89E-4DCC6937125D}.Release|Any CPU.ActiveCfg = Release|Any CPU
		{227D5992-688D-47EF-A89E-4DCC6937125D}.Release|Any CPU.Build.0 = Release|Any CPU
	EndGlobalSection
	GlobalSection(SolutionProperties) = preSolution
		HideSolutionNode = FALSE
	EndGlobalSection
	GlobalSection(ExtensibilityGlobals) = postSolution
		SolutionGuid = {AE1D1EF1-08F2-4D9B-AD01-3202B79461F7}
	EndGlobalSection
EndGlobal
